// !$*UTF8*$!
{
	archiveVersion = 1;
	classes = {
	};
	objectVersion = 46;
	objects = {

/* Begin PBXBuildFile section */
		5948E4C61DAC7C6800461D19 /* AppDelegate.swift in Sources */ = {isa = PBXBuildFile; fileRef = 5948E4C51DAC7C6800461D19 /* AppDelegate.swift */; };
		5948E4C81DAC7C6800461D19 /* ViewController.swift in Sources */ = {isa = PBXBuildFile; fileRef = 5948E4C71DAC7C6800461D19 /* ViewController.swift */; };
		5948E4CB1DAC7C6800461D19 /* Main.storyboard in Resources */ = {isa = PBXBuildFile; fileRef = 5948E4C91DAC7C6800461D19 /* Main.storyboard */; };
		5948E4CD1DAC7C6800461D19 /* Assets.xcassets in Resources */ = {isa = PBXBuildFile; fileRef = 5948E4CC1DAC7C6800461D19 /* Assets.xcassets */; };
		5948E4D01DAC7C6800461D19 /* LaunchScreen.storyboard in Resources */ = {isa = PBXBuildFile; fileRef = 5948E4CE1DAC7C6800461D19 /* LaunchScreen.storyboard */; };
		5948E4DB1DAC7C6800461D19 /* SliderTests.swift in Sources */ = {isa = PBXBuildFile; fileRef = 5948E4DA1DAC7C6800461D19 /* SliderTests.swift */; };
/* End PBXBuildFile section */

/* Begin PBXContainerItemProxy section */
		5948E4D71DAC7C6800461D19 /* PBXContainerItemProxy */ = {
			isa = PBXContainerItemProxy;
			containerPortal = 5948E4BA1DAC7C6800461D19 /* Project object */;
			proxyType = 1;
			remoteGlobalIDString = 5948E4C11DAC7C6800461D19;
			remoteInfo = Slider;
		};
/* End PBXContainerItemProxy section */

/* Begin PBXFileReference section */
		5948E4C21DAC7C6800461D19 /* Slider.app */ = {isa = PBXFileReference; explicitFileType = wrapper.application; includeInIndex = 0; path = Slider.app; sourceTree = BUILT_PRODUCTS_DIR; };
		5948E4C51DAC7C6800461D19 /* AppDelegate.swift */ = {isa = PBXFileReference; lastKnownFileType = sourcecode.swift; path = AppDelegate.swift; sourceTree = "<group>"; };
		5948E4C71DAC7C6800461D19 /* ViewController.swift */ = {isa = PBXFileReference; lastKnownFileType = sourcecode.swift; path = ViewController.swift; sourceTree = "<group>"; };
		5948E4CA1DAC7C6800461D19 /* Base */ = {isa = PBXFileReference; lastKnownFileType = file.storyboard; name = Base; path = Base.lproj/Main.storyboard; sourceTree = "<group>"; };
		5948E4CC1DAC7C6800461D19 /* Assets.xcassets */ = {isa = PBXFileReference; lastKnownFileType = folder.assetcatalog; path = Assets.xcassets; sourceTree = "<group>"; };
		5948E4CF1DAC7C6800461D19 /* Base */ = {isa = PBXFileReference; lastKnownFileType = file.storyboard; name = Base; path = Base.lproj/LaunchScreen.storyboard; sourceTree = "<group>"; };
		5948E4D11DAC7C6800461D19 /* Info.plist */ = {isa = PBXFileReference; lastKnownFileType = text.plist.xml; path = Info.plist; sourceTree = "<group>"; };
		5948E4D61DAC7C6800461D19 /* SliderTests.xctest */ = {isa = PBXFileReference; explicitFileType = wrapper.cfbundle; includeInIndex = 0; path = SliderTests.xctest; sourceTree = BUILT_PRODUCTS_DIR; };
		5948E4DA1DAC7C6800461D19 /* SliderTests.swift */ = {isa = PBXFileReference; lastKnownFileType = sourcecode.swift; path = SliderTests.swift; sourceTree = "<group>"; };
		5948E4DC1DAC7C6800461D19 /* Info.plist */ = {isa = PBXFileReference; lastKnownFileType = text.plist.xml; path = Info.plist; sourceTree = "<group>"; };
/* End PBXFileReference section */

/* Begin PBXFrameworksBuildPhase section */
		5948E4BF1DAC7C6800461D19 /* Frameworks */ = {
			isa = PBXFrameworksBuildPhase;
			buildActionMask = 2147483647;
			files = (
			);
			runOnlyForDeploymentPostprocessing = 0;
		};
		5948E4D31DAC7C6800461D19 /* Frameworks */ = {
			isa = PBXFrameworksBuildPhase;
			buildActionMask = 2147483647;
			files = (
			);
			runOnlyForDeploymentPostprocessing = 0;
		};
/* End PBXFrameworksBuildPhase section */

/* Begin PBXGroup section */
		5948E4B91DAC7C6800461D19 = {
			isa = PBXGroup;
			children = (
				5948E4C41DAC7C6800461D19 /* Slider */,
				5948E4D91DAC7C6800461D19 /* SliderTests */,
				5948E4C31DAC7C6800461D19 /* Products */,
			);
			sourceTree = "<group>";
		};
		5948E4C31DAC7C6800461D19 /* Products */ = {
			isa = PBXGroup;
			children = (
				5948E4C21DAC7C6800461D19 /* Slider.app */,
				5948E4D61DAC7C6800461D19 /* SliderTests.xctest */,
			);
			name = Products;
			sourceTree = "<group>";
		};
		5948E4C41DAC7C6800461D19 /* Slider */ = {
			isa = PBXGroup;
			children = (
				5948E4C51DAC7C6800461D19 /* AppDelegate.swift */,
				5948E4C71DAC7C6800461D19 /* ViewController.swift */,
				5948E4C91DAC7C6800461D19 /* Main.storyboard */,
				5948E4CC1DAC7C6800461D19 /* Assets.xcassets */,
				5948E4CE1DAC7C6800461D19 /* LaunchScreen.storyboard */,
				5948E4D11DAC7C6800461D19 /* Info.plist */,
			);
			path = Slider;
			sourceTree = "<group>";
		};
		5948E4D91DAC7C6800461D19 /* SliderTests */ = {
			isa = PBXGroup;
			children = (
				5948E4DA1DAC7C6800461D19 /* SliderTests.swift */,
				5948E4DC1DAC7C6800461D19 /* Info.plist */,
			);
			path = SliderTests;
			sourceTree = "<group>";
		};
/* End PBXGroup section */

/* Begin PBXNativeTarget section */
		5948E4C11DAC7C6800461D19 /* Slider */ = {
			isa = PBXNativeTarget;
			buildConfigurationList = 5948E4DF1DAC7C6800461D19 /* Build configuration list for PBXNativeTarget "Slider" */;
			buildPhases = (
				5948E4BE1DAC7C6800461D19 /* Sources */,
				5948E4BF1DAC7C6800461D19 /* Frameworks */,
				5948E4C01DAC7C6800461D19 /* Resources */,
			);
			buildRules = (
			);
			dependencies = (
			);
			name = Slider;
			productName = Slider;
			productReference = 5948E4C21DAC7C6800461D19 /* Slider.app */;
			productType = "com.apple.product-type.application";
		};
		5948E4D51DAC7C6800461D19 /* SliderTests */ = {
			isa = PBXNativeTarget;
			buildConfigurationList = 5948E4E21DAC7C6800461D19 /* Build configuration list for PBXNativeTarget "SliderTests" */;
			buildPhases = (
				5948E4D21DAC7C6800461D19 /* Sources */,
				5948E4D31DAC7C6800461D19 /* Frameworks */,
				5948E4D41DAC7C6800461D19 /* Resources */,
			);
			buildRules = (
			);
			dependencies = (
				5948E4D81DAC7C6800461D19 /* PBXTargetDependency */,
			);
			name = SliderTests;
			productName = SliderTests;
			productReference = 5948E4D61DAC7C6800461D19 /* SliderTests.xctest */;
			productType = "com.apple.product-type.bundle.unit-test";
		};
/* End PBXNativeTarget section */

/* Begin PBXProject section */
		5948E4BA1DAC7C6800461D19 /* Project object */ = {
			isa = PBXProject;
			attributes = {
				LastSwiftUpdateCheck = 0730;
				LastUpgradeCheck = 0730;
				ORGANIZATIONNAME = DaesubKim;
				TargetAttributes = {
					5948E4C11DAC7C6800461D19 = {
						CreatedOnToolsVersion = 7.3.1;
						DevelopmentTeam = NE9YAC47HN;
					};
					5948E4D51DAC7C6800461D19 = {
						CreatedOnToolsVersion = 7.3.1;
						DevelopmentTeam = NE9YAC47HN;
						TestTargetID = 5948E4C11DAC7C6800461D19;
					};
				};
			};
			buildConfigurationList = 5948E4BD1DAC7C6800461D19 /* Build configuration list for PBXProject "Slider" */;
			compatibilityVersion = "Xcode 3.2";
			developmentRegion = English;
			hasScannedForEncodings = 0;
			knownRegions = (
				en,
				Base,
			);
			mainGroup = 5948E4B91DAC7C6800461D19;
			productRefGroup = 5948E4C31DAC7C6800461D19 /* Products */;
			projectDirPath = "";
			projectRoot = "";
			targets = (
				5948E4C11DAC7C6800461D19 /* Slider */,
				5948E4D51DAC7C6800461D19 /* SliderTests */,
			);
		};
/* End PBXProject section */

/* Begin PBXResourcesBuildPhase section */
		5948E4C01DAC7C6800461D19 /* Resources */ = {
			isa = PBXResourcesBuildPhase;
			buildActionMask = 2147483647;
			files = (
				5948E4D01DAC7C6800461D19 /* LaunchScreen.storyboard in Resources */,
				5948E4CD1DAC7C6800461D19 /* Assets.xcassets in Resources */,
				5948E4CB1DAC7C6800461D19 /* Main.storyboard in Resources */,
			);
			runOnlyForDeploymentPostprocessing = 0;
		};
		5948E4D41DAC7C6800461D19 /* Resources */ = {
			isa = PBXResourcesBuildPhase;
			buildActionMask = 2147483647;
			files = (
			);
			runOnlyForDeploymentPostprocessing = 0;
		};
/* End PBXResourcesBuildPhase section */

/* Begin PBXSourcesBuildPhase section */
		5948E4BE1DAC7C6800461D19 /* Sources */ = {
			isa = PBXSourcesBuildPhase;
			buildActionMask = 2147483647;
			files = (
				5948E4C81DAC7C6800461D19 /* ViewController.swift in Sources */,
				5948E4C61DAC7C6800461D19 /* AppDelegate.swift in Sources */,
			);
			runOnlyForDeploymentPostprocessing = 0;
		};
		5948E4D21DAC7C6800461D19 /* Sources */ = {
			isa = PBXSourcesBuildPhase;
			buildActionMask = 2147483647;
			files = (
				5948E4DB1DAC7C6800461D19 /* SliderTests.swift in Sources */,
			);
			runOnlyForDeploymentPostprocessing = 0;
		};
/* End PBXSourcesBuildPhase section */

/* Begin PBXTargetDependency section */
		5948E4D81DAC7C6800461D19 /* PBXTargetDependency */ = {
			isa = PBXTargetDependency;
			target = 5948E4C11DAC7C6800461D19 /* Slider */;
			targetProxy = 5948E4D71DAC7C6800461D19 /* PBXContainerItemProxy */;
		};
/* End PBXTargetDependency section */

/* Begin PBXVariantGroup section */
		5948E4C91DAC7C6800461D19 /* Main.storyboard */ = {
			isa = PBXVariantGroup;
			children = (
				5948E4CA1DAC7C6800461D19 /* Base */,
			);
			name = Main.storyboard;
			sourceTree = "<group>";
		};
		5948E4CE1DAC7C6800461D19 /* LaunchScreen.storyboard */ = {
			isa = PBXVariantGroup;
			children = (
				5948E4CF1DAC7C6800461D19 /* Base */,
			);
			name = LaunchScreen.storyboard;
			sourceTree = "<group>";
		};
/* End PBXVariantGroup section */

/* Begin XCBuildConfiguration section */
		5948E4DD1DAC7C6800461D19 /* Debug */ = {
			isa = XCBuildConfiguration;
			buildSettings = {
				ALWAYS_SEARCH_USER_PATHS = NO;
				CLANG_ANALYZER_NONNULL = YES;
				CLANG_CXX_LANGUAGE_STANDARD = "gnu++0x";
				CLANG_CXX_LIBRARY = "libc++";
				CLANG_ENABLE_MODULES = YES;
				CLANG_ENABLE_OBJC_ARC = YES;
				CLANG_WARN_BOOL_CONVERSION = YES;
				CLANG_WARN_CONSTANT_CONVERSION = YES;
				CLANG_WARN_DIRECT_OBJC_ISA_USAGE = YES_ERROR;
				CLANG_WARN_EMPTY_BODY = YES;
				CLANG_WARN_ENUM_CONVERSION = YES;
				CLANG_WARN_INT_CONVERSION = YES;
				CLANG_WARN_OBJC_ROOT_CLASS = YES_ERROR;
				CLANG_WARN_UNREACHABLE_CODE = YES;
				CLANG_WARN__DUPLICATE_METHOD_MATCH = YES;
				"CODE_SIGN_IDENTITY[sdk=iphoneos*]" = "iPhone Developer";
				COPY_PHASE_STRIP = NO;
				DEBUG_INFORMATION_FORMAT = dwarf;
				ENABLE_STRICT_OBJC_MSGSEND = YES;
				ENABLE_TESTABILITY = YES;
				GCC_C_LANGUAGE_STANDARD = gnu99;
				GCC_DYNAMIC_NO_PIC = NO;
				GCC_NO_COMMON_BLOCKS = YES;
				GCC_OPTIMIZATION_LEVEL = 0;
				GCC_PREPROCESSOR_DEFINITIONS = (
					"DEBUG=1",
					"$(inherited)",
				);
				GCC_WARN_64_TO_32_BIT_CONVERSION = YES;
				GCC_WARN_ABOUT_RETURN_TYPE = YES_ERROR;
				GCC_WARN_UNDECLARED_SELECTOR = YES;
				GCC_WARN_UNINITIALIZED_AUTOS = YES_AGGRESSIVE;
				GCC_WARN_UNUSED_FUNCTION = YES;
				GCC_WARN_UNUSED_VARIABLE = YES;
				IPHONEOS_DEPLOYMENT_TARGET = 9.3;
				MTL_ENABLE_DEBUG_INFO = YES;
				ONLY_ACTIVE_ARCH = YES;
				SDKROOT = iphoneos;
				SWIFT_OPTIMIZATION_LEVEL = "-Onone";
			};
			name = Debug;
		};
		5948E4DE1DAC7C6800461D19 /* Release */ = {
			isa = XCBuildConfiguration;
			buildSettings = {
				ALWAYS_SEARCH_USER_PATHS = NO;
				CLANG_ANALYZER_NONNULL = YES;
				CLANG_CXX_LANGUAGE_STANDARD = "gnu++0x";
				CLANG_CXX_LIBRARY = "libc++";
				CLANG_ENABLE_MODULES = YES;
				CLANG_ENABLE_OBJC_ARC = YES;
				CLANG_WARN_BOOL_CONVERSION = YES;
				CLANG_WARN_CONSTANT_CONVERSION = YES;
				CLANG_WARN_DIRECT_OBJC_ISA_USAGE = YES_ERROR;
				CLANG_WARN_EMPTY_BODY = YES;
				CLANG_WARN_ENUM_CONVERSION = YES;
				CLANG_WARN_INT_CONVERSION = YES;
				CLANG_WARN_OBJC_ROOT_CLASS = YES_ERROR;
				CLANG_WARN_UNREACHABLE_CODE = YES;
				CLANG_WARN__DUPLICATE_METHOD_MATCH = YES;
				"CODE_SIGN_IDENTITY[sdk=iphoneos*]" = "iPhone Developer";
				COPY_PHASE_STRIP = NO;
				DEBUG_INFORMATION_FORMAT = "dwarf-with-dsym";
				ENABLE_NS_ASSERTIONS = NO;
				ENABLE_STRICT_OBJC_MSGSEND = YES;
				GCC_C_LANGUAGE_STANDARD = gnu99;
				GCC_NO_COMMON_BLOCKS = YES;
				GCC_WARN_64_TO_32_BIT_CONVERSION = YES;
				GCC_WARN_ABOUT_RETURN_TYPE = YES_ERROR;
				GCC_WARN_UNDECLARED_SELECTOR = YES;
				GCC_WARN_UNINITIALIZED_AUTOS = YES_AGGRESSIVE;
				GCC_WARN_UNUSED_FUNCTION = YES;
				GCC_WARN_UNUSED_VARIABLE = YES;
				IPHONEOS_DEPLOYMENT_TARGET = 9.3;
				MTL_ENABLE_DEBUG_INFO = NO;
				SDKROOT = iphoneos;
				VALIDATE_PRODUCT = YES;
			};
			name = Release;
		};
		5948E4E01DAC7C6800461D19 /* Debug */ = {
			isa = XCBuildConfiguration;
			buildSettings = {
				ASSETCATALOG_COMPILER_APPICON_NAME = AppIcon;
				INFOPLIST_FILE = Slider/Info.plist;
				LD_RUNPATH_SEARCH_PATHS = "$(inherited) @executable_path/Frameworks";
				PRODUCT_BUNDLE_IDENTIFIER = com.daesub.Slider;
				PRODUCT_NAME = "$(TARGET_NAME)";
			};
			name = Debug;
		};
		5948E4E11DAC7C6800461D19 /* Release */ = {
			isa = XCBuildConfiguration;
			buildSettings = {
				ASSETCATALOG_COMPILER_APPICON_NAME = AppIcon;
				INFOPLIST_FILE = Slider/Info.plist;
				LD_RUNPATH_SEARCH_PATHS = "$(inherited) @executable_path/Frameworks";
				PRODUCT_BUNDLE_IDENTIFIER = com.daesub.Slider;
				PRODUCT_NAME = "$(TARGET_NAME)";
			};
			name = Release;
		};
		5948E4E31DAC7C6800461D19 /* Debug */ = {
			isa = XCBuildConfiguration;
			buildSettings = {
				BUNDLE_LOADER = "$(TEST_HOST)";
				INFOPLIST_FILE = SliderTests/Info.plist;
				LD_RUNPATH_SEARCH_PATHS = "$(inherited) @executable_path/Frameworks @loader_path/Frameworks";
				PRODUCT_BUNDLE_IDENTIFIER = com.daesub.SliderTests;
				PRODUCT_NAME = "$(TARGET_NAME)";
				TEST_HOST = "$(BUILT_PRODUCTS_DIR)/Slider.app/Slider";
			};
			name = Debug;
		};
		5948E4E41DAC7C6800461D19 /* Release */ = {
			isa = XCBuildConfiguration;
			buildSettings = {
				BUNDLE_LOADER = "$(TEST_HOST)";
				INFOPLIST_FILE = SliderTests/Info.plist;
				LD_RUNPATH_SEARCH_PATHS = "$(inherited) @executable_path/Frameworks @loader_path/Frameworks";
				PRODUCT_BUNDLE_IDENTIFIER = com.daesub.SliderTests;
				PRODUCT_NAME = "$(TARGET_NAME)";
				TEST_HOST = "$(BUILT_PRODUCTS_DIR)/Slider.app/Slider";
			};
			name = Release;
		};
/* End XCBuildConfiguration section */

/* Begin XCConfigurationList section */
		5948E4BD1DAC7C6800461D19 /* Build configuration list for PBXProject "Slider" */ = {
			isa = XCConfigurationList;
			buildConfigurations = (
				5948E4DD1DAC7C6800461D19 /* Debug */,
				5948E4DE1DAC7C6800461D19 /* Release */,
			);
			defaultConfigurationIsVisible = 0;
			defaultConfigurationName = Release;
		};
		5948E4DF1DAC7C6800461D19 /* Build configuration list for PBXNativeTarget "Slider" */ = {
			isa = XCConfigurationList;
			buildConfigurations = (
				5948E4E01DAC7C6800461D19 /* Debug */,
				5948E4E11DAC7C6800461D19 /* Release */,
			);
			defaultConfigurationIsVisible = 0;
		};
		5948E4E21DAC7C6800461D19 /* Build configuration list for PBXNativeTarget "SliderTests" */ = {
			isa = XCConfigurationList;
			buildConfigurations = (
				5948E4E31DAC7C6800461D19 /* Debug */,
				5948E4E41DAC7C6800461D19 /* Release */,
			);
			defaultConfigurationIsVisible = 0;
		};
/* End XCConfigurationList section */
	};
	rootObject = 5948E4BA1DAC7C6800461D19 /* Project object */;
}
